
Microsoft Visual Studio Solution File, Format Version 12.00
# Visual Studio Version 17
VisualStudioVersion = 17.14.36221.1 d17.14
MinimumVisualStudioVersion = 10.0.40219.1
Project("{FAE04EC0-301F-11D3-BF4B-00C04F79EFBC}") = "SimpleWasm", "SimpleWasm\SimpleWasm.csproj", "{02ABF482-8FBA-402F-93DE-1539359DB548}"
EndProject
Global
	GlobalSection(SolutionConfigurationPlatforms) = preSolution
		Debug|Any CPU = Debug|Any CPU
		Release|Any CPU = Release|Any CPU
	EndGlobalSection
	GlobalSection(ProjectConfigurationPlatforms) = postSolution
		{02ABF482-8FBA-402F-93DE-1539359DB548}.Debug|Any CPU.ActiveCfg = Debug|Any CPU
		{02ABF482-8FBA-402F-93DE-1539359DB548}.Debug|Any CPU.Build.0 = Debug|Any CPU
		{02ABF482-8FBA-402F-93DE-1539359DB548}.Release|Any CPU.ActiveCfg = Release|Any CPU
		{02ABF482-8FBA-402F-93DE-1539359DB548}.Release|Any CPU.Build.0 = Release|Any CPU
	EndGlobalSection
	GlobalSection(SolutionProperties) = preSolution
		HideSolutionNode = FALSE
	EndGlobalSection
	GlobalSection(ExtensibilityGlobals) = postSolution
		SolutionGuid = {0910FBAD-E0E3-4DB8-9C65-85C015493733}
	EndGlobalSection
EndGlobal
