
Microsoft Visual Studio Solution File, Format Version 12.00
# Visual Studio Version 17
VisualStudioVersion = 17.13.35931.197 d17.13
MinimumVisualStudioVersion = 10.0.40219.1
Project("{FAE04EC0-301F-11D3-BF4B-00C04F79EFBC}") = "RazorPagesHomework", "RazorPagesHomework\RazorPagesHomework.csproj", "{0383D68D-ABF5-4D58-8E17-49F5702A536C}"
EndProject
Global
	GlobalSection(SolutionConfigurationPlatforms) = preSolution
		Debug|Any CPU = Debug|Any CPU
		Release|Any CPU = Release|Any CPU
	EndGlobalSection
	GlobalSection(ProjectConfigurationPlatforms) = postSolution
		{0383D68D-ABF5-4D58-8E17-49F5702A536C}.Debug|Any CPU.ActiveCfg = Debug|Any CPU
		{0383D68D-ABF5-4D58-8E17-49F5702A536C}.Debug|Any CPU.Build.0 = Debug|Any CPU
		{0383D68D-ABF5-4D58-8E17-49F5702A536C}.Release|Any CPU.ActiveCfg = Release|Any CPU
		{0383D68D-ABF5-4D58-8E17-49F5702A536C}.Release|Any CPU.Build.0 = Release|Any CPU
	EndGlobalSection
	GlobalSection(SolutionProperties) = preSolution
		HideSolutionNode = FALSE
	EndGlobalSection
	GlobalSection(ExtensibilityGlobals) = postSolution
		SolutionGuid = {BDE9653E-F367-421C-AA6C-5C1249291492}
	EndGlobalSection
EndGlobal
