
Microsoft Visual Studio Solution File, Format Version 12.00
# Visual Studio Version 17
VisualStudioVersion = 17.0.31903.59
MinimumVisualStudioVersion = 10.0.40219.1
Project("{2150E333-8FDC-42A3-9474-1A3956D46DE8}") = "12Week", "12Week", "{DDD2C539-2917-D67F-69ED-9BDA814FD939}"
EndProject
Project("{FAE04EC0-301F-11D3-BF4B-00C04F79EFBC}") = "InterfaceDemo", "12Week\InterfaceDemo\InterfaceDemo.csproj", "{8DABD141-33E2-44C7-AE6F-CEE2D3FAD90B}"
EndProject
Project("{FAE04EC0-301F-11D3-BF4B-00C04F79EFBC}") = "InterfaceHomework", "12Week\InterfaceHomework\InterfaceHomework.csproj", "{207C78B6-0900-45C6-88D4-DC2DF7D838A7}"
EndProject
Project("{FAE04EC0-301F-11D3-BF4B-00C04F79EFBC}") = "SmartHomeDeviceSystem", "12Week\SmartHomeDeviceSystem\SmartHomeDeviceSystem.csproj", "{8FB260DA-F6C5-4B51-B737-945E340FEFB5}"
EndProject
Project("{FAE04EC0-301F-11D3-BF4B-00C04F79EFBC}") = "PaymentProcessingSystem", "PaymentProcessingSystem\PaymentProcessingSystem.csproj", "{CF0649C5-94C8-4459-8978-216DF316A730}"
EndProject
Project("{FAE04EC0-301F-11D3-BF4B-00C04F79EFBC}") = "PaymentProcessSystem", "12Week\PaymentProcessSystem\PaymentProcessSystem.csproj", "{00EEF973-AFD1-4FB1-8AA3-A4FEAF0E0EE0}"
EndProject
Project("{FAE04EC0-301F-11D3-BF4B-00C04F79EFBC}") = "GameCharacterAbilities", "12Week\GameCharacterAbilities\GameCharacterAbilities.csproj", "{BC93DF01-B0DC-4451-8B1A-3E2B3466E2B0}"
EndProject
Project("{FAE04EC0-301F-11D3-BF4B-00C04F79EFBC}") = "VehicleRentalSystem", "12Week\VehicleRentalSystem\VehicleRentalSystem.csproj", "{1AD066DC-7DB3-4A28-BC93-AFC8E026565A}"
EndProject
Project("{FAE04EC0-301F-11D3-BF4B-00C04F79EFBC}") = "MediaPlayerSystem", "12Week\MediaPlayerSystem\MediaPlayerSystem.csproj", "{716A04FE-39E8-4D39-A4AB-E2207120B918}"
EndProject
Project("{FAE04EC0-301F-11D3-BF4B-00C04F79EFBC}") = "MiniProjectInheritance", "12Week\MiniProjectInheritance\MiniProjectInheritance.csproj", "{30B58ADB-3D9F-42CB-BCCE-46457F9C2037}"
EndProject
Project("{FAE04EC0-301F-11D3-BF4B-00C04F79EFBC}") = "InheritanceMiniProject", "12Week\InheritanceMiniProject\InheritanceMiniProject.csproj", "{65807F39-8BF6-480B-93DC-E2E9A48CF078}"
EndProject
Global
	GlobalSection(SolutionConfigurationPlatforms) = preSolution
		Debug|Any CPU = Debug|Any CPU
		Debug|x64 = Debug|x64
		Debug|x86 = Debug|x86
		Release|Any CPU = Release|Any CPU
		Release|x64 = Release|x64
		Release|x86 = Release|x86
	EndGlobalSection
	GlobalSection(ProjectConfigurationPlatforms) = postSolution
		{8DABD141-33E2-44C7-AE6F-CEE2D3FAD90B}.Debug|Any CPU.ActiveCfg = Debug|Any CPU
		{8DABD141-33E2-44C7-AE6F-CEE2D3FAD90B}.Debug|Any CPU.Build.0 = Debug|Any CPU
		{8DABD141-33E2-44C7-AE6F-CEE2D3FAD90B}.Debug|x64.ActiveCfg = Debug|Any CPU
		{8DABD141-33E2-44C7-AE6F-CEE2D3FAD90B}.Debug|x64.Build.0 = Debug|Any CPU
		{8DABD141-33E2-44C7-AE6F-CEE2D3FAD90B}.Debug|x86.ActiveCfg = Debug|Any CPU
		{8DABD141-33E2-44C7-AE6F-CEE2D3FAD90B}.Debug|x86.Build.0 = Debug|Any CPU
		{8DABD141-33E2-44C7-AE6F-CEE2D3FAD90B}.Release|Any CPU.ActiveCfg = Release|Any CPU
		{8DABD141-33E2-44C7-AE6F-CEE2D3FAD90B}.Release|Any CPU.Build.0 = Release|Any CPU
		{8DABD141-33E2-44C7-AE6F-CEE2D3FAD90B}.Release|x64.ActiveCfg = Release|Any CPU
		{8DABD141-33E2-44C7-AE6F-CEE2D3FAD90B}.Release|x64.Build.0 = Release|Any CPU
		{8DABD141-33E2-44C7-AE6F-CEE2D3FAD90B}.Release|x86.ActiveCfg = Release|Any CPU
		{8DABD141-33E2-44C7-AE6F-CEE2D3FAD90B}.Release|x86.Build.0 = Release|Any CPU
		{207C78B6-0900-45C6-88D4-DC2DF7D838A7}.Debug|Any CPU.ActiveCfg = Debug|Any CPU
		{207C78B6-0900-45C6-88D4-DC2DF7D838A7}.Debug|Any CPU.Build.0 = Debug|Any CPU
		{207C78B6-0900-45C6-88D4-DC2DF7D838A7}.Debug|x64.ActiveCfg = Debug|Any CPU
		{207C78B6-0900-45C6-88D4-DC2DF7D838A7}.Debug|x64.Build.0 = Debug|Any CPU
		{207C78B6-0900-45C6-88D4-DC2DF7D838A7}.Debug|x86.ActiveCfg = Debug|Any CPU
		{207C78B6-0900-45C6-88D4-DC2DF7D838A7}.Debug|x86.Build.0 = Debug|Any CPU
		{207C78B6-0900-45C6-88D4-DC2DF7D838A7}.Release|Any CPU.ActiveCfg = Release|Any CPU
		{207C78B6-0900-45C6-88D4-DC2DF7D838A7}.Release|Any CPU.Build.0 = Release|Any CPU
		{207C78B6-0900-45C6-88D4-DC2DF7D838A7}.Release|x64.ActiveCfg = Release|Any CPU
		{207C78B6-0900-45C6-88D4-DC2DF7D838A7}.Release|x64.Build.0 = Release|Any CPU
		{207C78B6-0900-45C6-88D4-DC2DF7D838A7}.Release|x86.ActiveCfg = Release|Any CPU
		{207C78B6-0900-45C6-88D4-DC2DF7D838A7}.Release|x86.Build.0 = Release|Any CPU
		{8FB260DA-F6C5-4B51-B737-945E340FEFB5}.Debug|Any CPU.ActiveCfg = Debug|Any CPU
		{8FB260DA-F6C5-4B51-B737-945E340FEFB5}.Debug|Any CPU.Build.0 = Debug|Any CPU
		{8FB260DA-F6C5-4B51-B737-945E340FEFB5}.Debug|x64.ActiveCfg = Debug|Any CPU
		{8FB260DA-F6C5-4B51-B737-945E340FEFB5}.Debug|x64.Build.0 = Debug|Any CPU
		{8FB260DA-F6C5-4B51-B737-945E340FEFB5}.Debug|x86.ActiveCfg = Debug|Any CPU
		{8FB260DA-F6C5-4B51-B737-945E340FEFB5}.Debug|x86.Build.0 = Debug|Any CPU
		{8FB260DA-F6C5-4B51-B737-945E340FEFB5}.Release|Any CPU.ActiveCfg = Release|Any CPU
		{8FB260DA-F6C5-4B51-B737-945E340FEFB5}.Release|Any CPU.Build.0 = Release|Any CPU
		{8FB260DA-F6C5-4B51-B737-945E340FEFB5}.Release|x64.ActiveCfg = Release|Any CPU
		{8FB260DA-F6C5-4B51-B737-945E340FEFB5}.Release|x64.Build.0 = Release|Any CPU
		{8FB260DA-F6C5-4B51-B737-945E340FEFB5}.Release|x86.ActiveCfg = Release|Any CPU
		{8FB260DA-F6C5-4B51-B737-945E340FEFB5}.Release|x86.Build.0 = Release|Any CPU
		{CF0649C5-94C8-4459-8978-216DF316A730}.Debug|Any CPU.ActiveCfg = Debug|Any CPU
		{CF0649C5-94C8-4459-8978-216DF316A730}.Debug|Any CPU.Build.0 = Debug|Any CPU
		{CF0649C5-94C8-4459-8978-216DF316A730}.Debug|x64.ActiveCfg = Debug|Any CPU
		{CF0649C5-94C8-4459-8978-216DF316A730}.Debug|x64.Build.0 = Debug|Any CPU
		{CF0649C5-94C8-4459-8978-216DF316A730}.Debug|x86.ActiveCfg = Debug|Any CPU
		{CF0649C5-94C8-4459-8978-216DF316A730}.Debug|x86.Build.0 = Debug|Any CPU
		{CF0649C5-94C8-4459-8978-216DF316A730}.Release|Any CPU.ActiveCfg = Release|Any CPU
		{CF0649C5-94C8-4459-8978-216DF316A730}.Release|Any CPU.Build.0 = Release|Any CPU
		{CF0649C5-94C8-4459-8978-216DF316A730}.Release|x64.ActiveCfg = Release|Any CPU
		{CF0649C5-94C8-4459-8978-216DF316A730}.Release|x64.Build.0 = Release|Any CPU
		{CF0649C5-94C8-4459-8978-216DF316A730}.Release|x86.ActiveCfg = Release|Any CPU
		{CF0649C5-94C8-4459-8978-216DF316A730}.Release|x86.Build.0 = Release|Any CPU
		{00EEF973-AFD1-4FB1-8AA3-A4FEAF0E0EE0}.Debug|Any CPU.ActiveCfg = Debug|Any CPU
		{00EEF973-AFD1-4FB1-8AA3-A4FEAF0E0EE0}.Debug|Any CPU.Build.0 = Debug|Any CPU
		{00EEF973-AFD1-4FB1-8AA3-A4FEAF0E0EE0}.Debug|x64.ActiveCfg = Debug|Any CPU
		{00EEF973-AFD1-4FB1-8AA3-A4FEAF0E0EE0}.Debug|x64.Build.0 = Debug|Any CPU
		{00EEF973-AFD1-4FB1-8AA3-A4FEAF0E0EE0}.Debug|x86.ActiveCfg = Debug|Any CPU
		{00EEF973-AFD1-4FB1-8AA3-A4FEAF0E0EE0}.Debug|x86.Build.0 = Debug|Any CPU
		{00EEF973-AFD1-4FB1-8AA3-A4FEAF0E0EE0}.Release|Any CPU.ActiveCfg = Release|Any CPU
		{00EEF973-AFD1-4FB1-8AA3-A4FEAF0E0EE0}.Release|Any CPU.Build.0 = Release|Any CPU
		{00EEF973-AFD1-4FB1-8AA3-A4FEAF0E0EE0}.Release|x64.ActiveCfg = Release|Any CPU
		{00EEF973-AFD1-4FB1-8AA3-A4FEAF0E0EE0}.Release|x64.Build.0 = Release|Any CPU
		{00EEF973-AFD1-4FB1-8AA3-A4FEAF0E0EE0}.Release|x86.ActiveCfg = Release|Any CPU
		{00EEF973-AFD1-4FB1-8AA3-A4FEAF0E0EE0}.Release|x86.Build.0 = Release|Any CPU
		{BC93DF01-B0DC-4451-8B1A-3E2B3466E2B0}.Debug|Any CPU.ActiveCfg = Debug|Any CPU
		{BC93DF01-B0DC-4451-8B1A-3E2B3466E2B0}.Debug|Any CPU.Build.0 = Debug|Any CPU
		{BC93DF01-B0DC-4451-8B1A-3E2B3466E2B0}.Debug|x64.ActiveCfg = Debug|Any CPU
		{BC93DF01-B0DC-4451-8B1A-3E2B3466E2B0}.Debug|x64.Build.0 = Debug|Any CPU
		{BC93DF01-B0DC-4451-8B1A-3E2B3466E2B0}.Debug|x86.ActiveCfg = Debug|Any CPU
		{BC93DF01-B0DC-4451-8B1A-3E2B3466E2B0}.Debug|x86.Build.0 = Debug|Any CPU
		{BC93DF01-B0DC-4451-8B1A-3E2B3466E2B0}.Release|Any CPU.ActiveCfg = Release|Any CPU
		{BC93DF01-B0DC-4451-8B1A-3E2B3466E2B0}.Release|Any CPU.Build.0 = Release|Any CPU
		{BC93DF01-B0DC-4451-8B1A-3E2B3466E2B0}.Release|x64.ActiveCfg = Release|Any CPU
		{BC93DF01-B0DC-4451-8B1A-3E2B3466E2B0}.Release|x64.Build.0 = Release|Any CPU
		{BC93DF01-B0DC-4451-8B1A-3E2B3466E2B0}.Release|x86.ActiveCfg = Release|Any CPU
		{BC93DF01-B0DC-4451-8B1A-3E2B3466E2B0}.Release|x86.Build.0 = Release|Any CPU
		{1AD066DC-7DB3-4A28-BC93-AFC8E026565A}.Debug|Any CPU.ActiveCfg = Debug|Any CPU
		{1AD066DC-7DB3-4A28-BC93-AFC8E026565A}.Debug|Any CPU.Build.0 = Debug|Any CPU
		{1AD066DC-7DB3-4A28-BC93-AFC8E026565A}.Debug|x64.ActiveCfg = Debug|Any CPU
		{1AD066DC-7DB3-4A28-BC93-AFC8E026565A}.Debug|x64.Build.0 = Debug|Any CPU
		{1AD066DC-7DB3-4A28-BC93-AFC8E026565A}.Debug|x86.ActiveCfg = Debug|Any CPU
		{1AD066DC-7DB3-4A28-BC93-AFC8E026565A}.Debug|x86.Build.0 = Debug|Any CPU
		{1AD066DC-7DB3-4A28-BC93-AFC8E026565A}.Release|Any CPU.ActiveCfg = Release|Any CPU
		{1AD066DC-7DB3-4A28-BC93-AFC8E026565A}.Release|Any CPU.Build.0 = Release|Any CPU
		{1AD066DC-7DB3-4A28-BC93-AFC8E026565A}.Release|x64.ActiveCfg = Release|Any CPU
		{1AD066DC-7DB3-4A28-BC93-AFC8E026565A}.Release|x64.Build.0 = Release|Any CPU
		{1AD066DC-7DB3-4A28-BC93-AFC8E026565A}.Release|x86.ActiveCfg = Release|Any CPU
		{1AD066DC-7DB3-4A28-BC93-AFC8E026565A}.Release|x86.Build.0 = Release|Any CPU
		{716A04FE-39E8-4D39-A4AB-E2207120B918}.Debug|Any CPU.ActiveCfg = Debug|Any CPU
		{716A04FE-39E8-4D39-A4AB-E2207120B918}.Debug|Any CPU.Build.0 = Debug|Any CPU
		{716A04FE-39E8-4D39-A4AB-E2207120B918}.Debug|x64.ActiveCfg = Debug|Any CPU
		{716A04FE-39E8-4D39-A4AB-E2207120B918}.Debug|x64.Build.0 = Debug|Any CPU
		{716A04FE-39E8-4D39-A4AB-E2207120B918}.Debug|x86.ActiveCfg = Debug|Any CPU
		{716A04FE-39E8-4D39-A4AB-E2207120B918}.Debug|x86.Build.0 = Debug|Any CPU
		{716A04FE-39E8-4D39-A4AB-E2207120B918}.Release|Any CPU.ActiveCfg = Release|Any CPU
		{716A04FE-39E8-4D39-A4AB-E2207120B918}.Release|Any CPU.Build.0 = Release|Any CPU
		{716A04FE-39E8-4D39-A4AB-E2207120B918}.Release|x64.ActiveCfg = Release|Any CPU
		{716A04FE-39E8-4D39-A4AB-E2207120B918}.Release|x64.Build.0 = Release|Any CPU
		{716A04FE-39E8-4D39-A4AB-E2207120B918}.Release|x86.ActiveCfg = Release|Any CPU
		{716A04FE-39E8-4D39-A4AB-E2207120B918}.Release|x86.Build.0 = Release|Any CPU
		{30B58ADB-3D9F-42CB-BCCE-46457F9C2037}.Debug|Any CPU.ActiveCfg = Debug|Any CPU
		{30B58ADB-3D9F-42CB-BCCE-46457F9C2037}.Debug|Any CPU.Build.0 = Debug|Any CPU
		{30B58ADB-3D9F-42CB-BCCE-46457F9C2037}.Debug|x64.ActiveCfg = Debug|Any CPU
		{30B58ADB-3D9F-42CB-BCCE-46457F9C2037}.Debug|x64.Build.0 = Debug|Any CPU
		{30B58ADB-3D9F-42CB-BCCE-46457F9C2037}.Debug|x86.ActiveCfg = Debug|Any CPU
		{30B58ADB-3D9F-42CB-BCCE-46457F9C2037}.Debug|x86.Build.0 = Debug|Any CPU
		{30B58ADB-3D9F-42CB-BCCE-46457F9C2037}.Release|Any CPU.ActiveCfg = Release|Any CPU
		{30B58ADB-3D9F-42CB-BCCE-46457F9C2037}.Release|Any CPU.Build.0 = Release|Any CPU
		{30B58ADB-3D9F-42CB-BCCE-46457F9C2037}.Release|x64.ActiveCfg = Release|Any CPU
		{30B58ADB-3D9F-42CB-BCCE-46457F9C2037}.Release|x64.Build.0 = Release|Any CPU
		{30B58ADB-3D9F-42CB-BCCE-46457F9C2037}.Release|x86.ActiveCfg = Release|Any CPU
		{30B58ADB-3D9F-42CB-BCCE-46457F9C2037}.Release|x86.Build.0 = Release|Any CPU
		{65807F39-8BF6-480B-93DC-E2E9A48CF078}.Debug|Any CPU.ActiveCfg = Debug|Any CPU
		{65807F39-8BF6-480B-93DC-E2E9A48CF078}.Debug|Any CPU.Build.0 = Debug|Any CPU
		{65807F39-8BF6-480B-93DC-E2E9A48CF078}.Debug|x64.ActiveCfg = Debug|Any CPU
		{65807F39-8BF6-480B-93DC-E2E9A48CF078}.Debug|x64.Build.0 = Debug|Any CPU
		{65807F39-8BF6-480B-93DC-E2E9A48CF078}.Debug|x86.ActiveCfg = Debug|Any CPU
		{65807F39-8BF6-480B-93DC-E2E9A48CF078}.Debug|x86.Build.0 = Debug|Any CPU
		{65807F39-8BF6-480B-93DC-E2E9A48CF078}.Release|Any CPU.ActiveCfg = Release|Any CPU
		{65807F39-8BF6-480B-93DC-E2E9A48CF078}.Release|Any CPU.Build.0 = Release|Any CPU
		{65807F39-8BF6-480B-93DC-E2E9A48CF078}.Release|x64.ActiveCfg = Release|Any CPU
		{65807F39-8BF6-480B-93DC-E2E9A48CF078}.Release|x64.Build.0 = Release|Any CPU
		{65807F39-8BF6-480B-93DC-E2E9A48CF078}.Release|x86.ActiveCfg = Release|Any CPU
		{65807F39-8BF6-480B-93DC-E2E9A48CF078}.Release|x86.Build.0 = Release|Any CPU
	EndGlobalSection
	GlobalSection(SolutionProperties) = preSolution
		HideSolutionNode = FALSE
	EndGlobalSection
	GlobalSection(NestedProjects) = preSolution
		{8DABD141-33E2-44C7-AE6F-CEE2D3FAD90B} = {DDD2C539-2917-D67F-69ED-9BDA814FD939}
		{207C78B6-0900-45C6-88D4-DC2DF7D838A7} = {DDD2C539-2917-D67F-69ED-9BDA814FD939}
		{8FB260DA-F6C5-4B51-B737-945E340FEFB5} = {DDD2C539-2917-D67F-69ED-9BDA814FD939}
		{00EEF973-AFD1-4FB1-8AA3-A4FEAF0E0EE0} = {DDD2C539-2917-D67F-69ED-9BDA814FD939}
		{BC93DF01-B0DC-4451-8B1A-3E2B3466E2B0} = {DDD2C539-2917-D67F-69ED-9BDA814FD939}
		{1AD066DC-7DB3-4A28-BC93-AFC8E026565A} = {DDD2C539-2917-D67F-69ED-9BDA814FD939}
		{716A04FE-39E8-4D39-A4AB-E2207120B918} = {DDD2C539-2917-D67F-69ED-9BDA814FD939}
		{30B58ADB-3D9F-42CB-BCCE-46457F9C2037} = {DDD2C539-2917-D67F-69ED-9BDA814FD939}
		{65807F39-8BF6-480B-93DC-E2E9A48CF078} = {DDD2C539-2917-D67F-69ED-9BDA814FD939}
	EndGlobalSection
EndGlobal
