<<<<<<< HEAD
﻿
Microsoft Visual Studio Solution File, Format Version 12.00
# Visual Studio Version 17
VisualStudioVersion = 17.13.35919.96 d17.13
MinimumVisualStudioVersion = 10.0.40219.1
Project("{FAE04EC0-301F-11D3-BF4B-00C04F79EFBC}") = "AccessModifiersDemo", "AccessModifiersDemo\AccessModifiersDemo.csproj", "{716162DA-8D71-4386-9057-7FEEA11B5A20}"
EndProject
Project("{FAE04EC0-301F-11D3-BF4B-00C04F79EFBC}") = "DemoLibrary", "DemoLibrary\DemoLibrary.csproj", "{A6460A37-59C0-4AD3-8BDF-BE6387FFF089}"
EndProject
Global
	GlobalSection(SolutionConfigurationPlatforms) = preSolution
		Debug|Any CPU = Debug|Any CPU
		Release|Any CPU = Release|Any CPU
	EndGlobalSection
	GlobalSection(ProjectConfigurationPlatforms) = postSolution
		{716162DA-8D71-4386-9057-7FEEA11B5A20}.Debug|Any CPU.ActiveCfg = Debug|Any CPU
		{716162DA-8D71-4386-9057-7FEEA11B5A20}.Debug|Any CPU.Build.0 = Debug|Any CPU
		{716162DA-8D71-4386-9057-7FEEA11B5A20}.Release|Any CPU.ActiveCfg = Release|Any CPU
		{716162DA-8D71-4386-9057-7FEEA11B5A20}.Release|Any CPU.Build.0 = Release|Any CPU
		{A6460A37-59C0-4AD3-8BDF-BE6387FFF089}.Debug|Any CPU.ActiveCfg = Debug|Any CPU
		{A6460A37-59C0-4AD3-8BDF-BE6387FFF089}.Debug|Any CPU.Build.0 = Debug|Any CPU
		{A6460A37-59C0-4AD3-8BDF-BE6387FFF089}.Release|Any CPU.ActiveCfg = Release|Any CPU
		{A6460A37-59C0-4AD3-8BDF-BE6387FFF089}.Release|Any CPU.Build.0 = Release|Any CPU
	EndGlobalSection
	GlobalSection(SolutionProperties) = preSolution
		HideSolutionNode = FALSE
	EndGlobalSection
	GlobalSection(ExtensibilityGlobals) = postSolution
		SolutionGuid = {A30720B9-2915-4A64-A825-FD9FC00BA0FA}
	EndGlobalSection
EndGlobal
=======
﻿
Microsoft Visual Studio Solution File, Format Version 12.00
# Visual Studio Version 17
VisualStudioVersion = 17.13.35919.96 d17.13
MinimumVisualStudioVersion = 10.0.40219.1
Project("{FAE04EC0-301F-11D3-BF4B-00C04F79EFBC}") = "AccessModifiersDemo", "AccessModifiersDemo\AccessModifiersDemo.csproj", "{716162DA-8D71-4386-9057-7FEEA11B5A20}"
EndProject
Project("{FAE04EC0-301F-11D3-BF4B-00C04F79EFBC}") = "DemoLibrary", "DemoLibrary\DemoLibrary.csproj", "{A6460A37-59C0-4AD3-8BDF-BE6387FFF089}"
EndProject
Global
	GlobalSection(SolutionConfigurationPlatforms) = preSolution
		Debug|Any CPU = Debug|Any CPU
		Release|Any CPU = Release|Any CPU
	EndGlobalSection
	GlobalSection(ProjectConfigurationPlatforms) = postSolution
		{716162DA-8D71-4386-9057-7FEEA11B5A20}.Debug|Any CPU.ActiveCfg = Debug|Any CPU
		{716162DA-8D71-4386-9057-7FEEA11B5A20}.Debug|Any CPU.Build.0 = Debug|Any CPU
		{716162DA-8D71-4386-9057-7FEEA11B5A20}.Release|Any CPU.ActiveCfg = Release|Any CPU
		{716162DA-8D71-4386-9057-7FEEA11B5A20}.Release|Any CPU.Build.0 = Release|Any CPU
		{A6460A37-59C0-4AD3-8BDF-BE6387FFF089}.Debug|Any CPU.ActiveCfg = Debug|Any CPU
		{A6460A37-59C0-4AD3-8BDF-BE6387FFF089}.Debug|Any CPU.Build.0 = Debug|Any CPU
		{A6460A37-59C0-4AD3-8BDF-BE6387FFF089}.Release|Any CPU.ActiveCfg = Release|Any CPU
		{A6460A37-59C0-4AD3-8BDF-BE6387FFF089}.Release|Any CPU.Build.0 = Release|Any CPU
	EndGlobalSection
	GlobalSection(SolutionProperties) = preSolution
		HideSolutionNode = FALSE
	EndGlobalSection
	GlobalSection(ExtensibilityGlobals) = postSolution
		SolutionGuid = {A30720B9-2915-4A64-A825-FD9FC00BA0FA}
	EndGlobalSection
EndGlobal
>>>>>>> 9e6ca562ba4b79c549dfe0a1520ee498281f8ad9
