
Microsoft Visual Studio Solution File, Format Version 12.00
# Visual Studio Version 17
VisualStudioVersion = 17.14.36401.2
MinimumVisualStudioVersion = 10.0.40219.1
Project("{FAE04EC0-301F-11D3-BF4B-00C04F79EFBC}") = "MongoDBUI", "MongoDBUI\MongoDBUI.csproj", "{C97C2C15-E1E4-4B29-8B5A-415B5B0D27A7}"
EndProject
Project("{FAE04EC0-301F-11D3-BF4B-00C04F79EFBC}") = "DataAccessLibrary", "DataAccessLibrary\DataAccessLibrary.csproj", "{C248E68D-805A-415A-8F5C-1BEC6D7405BB}"
EndProject
Project("{FAE04EC0-301F-11D3-BF4B-00C04F79EFBC}") = "CosmosDBUI", "CosmosDBUI\CosmosDBUI.csproj", "{12D81789-BF54-4320-8113-DE1CCB175FE8}"
EndProject
Global
	GlobalSection(SolutionConfigurationPlatforms) = preSolution
		Debug|Any CPU = Debug|Any CPU
		Release|Any CPU = Release|Any CPU
	EndGlobalSection
	GlobalSection(ProjectConfigurationPlatforms) = postSolution
		{C97C2C15-E1E4-4B29-8B5A-415B5B0D27A7}.Debug|Any CPU.ActiveCfg = Debug|Any CPU
		{C97C2C15-E1E4-4B29-8B5A-415B5B0D27A7}.Debug|Any CPU.Build.0 = Debug|Any CPU
		{C97C2C15-E1E4-4B29-8B5A-415B5B0D27A7}.Release|Any CPU.ActiveCfg = Release|Any CPU
		{C97C2C15-E1E4-4B29-8B5A-415B5B0D27A7}.Release|Any CPU.Build.0 = Release|Any CPU
		{C248E68D-805A-415A-8F5C-1BEC6D7405BB}.Debug|Any CPU.ActiveCfg = Debug|Any CPU
		{C248E68D-805A-415A-8F5C-1BEC6D7405BB}.Debug|Any CPU.Build.0 = Debug|Any CPU
		{C248E68D-805A-415A-8F5C-1BEC6D7405BB}.Release|Any CPU.ActiveCfg = Release|Any CPU
		{C248E68D-805A-415A-8F5C-1BEC6D7405BB}.Release|Any CPU.Build.0 = Release|Any CPU
		{12D81789-BF54-4320-8113-DE1CCB175FE8}.Debug|Any CPU.ActiveCfg = Debug|Any CPU
		{12D81789-BF54-4320-8113-DE1CCB175FE8}.Debug|Any CPU.Build.0 = Debug|Any CPU
		{12D81789-BF54-4320-8113-DE1CCB175FE8}.Release|Any CPU.ActiveCfg = Release|Any CPU
		{12D81789-BF54-4320-8113-DE1CCB175FE8}.Release|Any CPU.Build.0 = Release|Any CPU
	EndGlobalSection
	GlobalSection(SolutionProperties) = preSolution
		HideSolutionNode = FALSE
	EndGlobalSection
	GlobalSection(ExtensibilityGlobals) = postSolution
		SolutionGuid = {4EDA6F8D-9FD1-43EF-A38A-C15049EF9ACF}
	EndGlobalSection
EndGlobal
