<<<<<<< HEAD
﻿
Microsoft Visual Studio Solution File, Format Version 12.00
# Visual Studio Version 17
VisualStudioVersion = 17.13.35919.96 d17.13
MinimumVisualStudioVersion = 10.0.40219.1
Project("{FAE04EC0-301F-11D3-BF4B-00C04F79EFBC}") = "GradeLibrary", "GradeLibrary\GradeLibrary.csproj", "{CA8120D0-1849-41E1-8CD8-1C39F26C10FF}"
EndProject
Project("{FAE04EC0-301F-11D3-BF4B-00C04F79EFBC}") = "StudentGradeManagementSystemApp", "StudentGradeManagementSystemApp\StudentGradeManagementSystemApp.csproj", "{EBB79F3C-027C-47F3-A2E8-43405E8E6DE8}"
EndProject
Global
	GlobalSection(SolutionConfigurationPlatforms) = preSolution
		Debug|Any CPU = Debug|Any CPU
		Release|Any CPU = Release|Any CPU
	EndGlobalSection
	GlobalSection(ProjectConfigurationPlatforms) = postSolution
		{CA8120D0-1849-41E1-8CD8-1C39F26C10FF}.Debug|Any CPU.ActiveCfg = Debug|Any CPU
		{CA8120D0-1849-41E1-8CD8-1C39F26C10FF}.Debug|Any CPU.Build.0 = Debug|Any CPU
		{CA8120D0-1849-41E1-8CD8-1C39F26C10FF}.Release|Any CPU.ActiveCfg = Release|Any CPU
		{CA8120D0-1849-41E1-8CD8-1C39F26C10FF}.Release|Any CPU.Build.0 = Release|Any CPU
		{EBB79F3C-027C-47F3-A2E8-43405E8E6DE8}.Debug|Any CPU.ActiveCfg = Debug|Any CPU
		{EBB79F3C-027C-47F3-A2E8-43405E8E6DE8}.Debug|Any CPU.Build.0 = Debug|Any CPU
		{EBB79F3C-027C-47F3-A2E8-43405E8E6DE8}.Release|Any CPU.ActiveCfg = Release|Any CPU
		{EBB79F3C-027C-47F3-A2E8-43405E8E6DE8}.Release|Any CPU.Build.0 = Release|Any CPU
	EndGlobalSection
	GlobalSection(SolutionProperties) = preSolution
		HideSolutionNode = FALSE
	EndGlobalSection
	GlobalSection(ExtensibilityGlobals) = postSolution
		SolutionGuid = {771AF87D-9B1B-4F21-A95B-82128FCED9F7}
	EndGlobalSection
EndGlobal
=======
﻿
Microsoft Visual Studio Solution File, Format Version 12.00
# Visual Studio Version 17
VisualStudioVersion = 17.13.35919.96 d17.13
MinimumVisualStudioVersion = 10.0.40219.1
Project("{FAE04EC0-301F-11D3-BF4B-00C04F79EFBC}") = "GradeLibrary", "GradeLibrary\GradeLibrary.csproj", "{CA8120D0-1849-41E1-8CD8-1C39F26C10FF}"
EndProject
Project("{FAE04EC0-301F-11D3-BF4B-00C04F79EFBC}") = "StudentGradeManagementSystemApp", "StudentGradeManagementSystemApp\StudentGradeManagementSystemApp.csproj", "{EBB79F3C-027C-47F3-A2E8-43405E8E6DE8}"
EndProject
Global
	GlobalSection(SolutionConfigurationPlatforms) = preSolution
		Debug|Any CPU = Debug|Any CPU
		Release|Any CPU = Release|Any CPU
	EndGlobalSection
	GlobalSection(ProjectConfigurationPlatforms) = postSolution
		{CA8120D0-1849-41E1-8CD8-1C39F26C10FF}.Debug|Any CPU.ActiveCfg = Debug|Any CPU
		{CA8120D0-1849-41E1-8CD8-1C39F26C10FF}.Debug|Any CPU.Build.0 = Debug|Any CPU
		{CA8120D0-1849-41E1-8CD8-1C39F26C10FF}.Release|Any CPU.ActiveCfg = Release|Any CPU
		{CA8120D0-1849-41E1-8CD8-1C39F26C10FF}.Release|Any CPU.Build.0 = Release|Any CPU
		{EBB79F3C-027C-47F3-A2E8-43405E8E6DE8}.Debug|Any CPU.ActiveCfg = Debug|Any CPU
		{EBB79F3C-027C-47F3-A2E8-43405E8E6DE8}.Debug|Any CPU.Build.0 = Debug|Any CPU
		{EBB79F3C-027C-47F3-A2E8-43405E8E6DE8}.Release|Any CPU.ActiveCfg = Release|Any CPU
		{EBB79F3C-027C-47F3-A2E8-43405E8E6DE8}.Release|Any CPU.Build.0 = Release|Any CPU
	EndGlobalSection
	GlobalSection(SolutionProperties) = preSolution
		HideSolutionNode = FALSE
	EndGlobalSection
	GlobalSection(ExtensibilityGlobals) = postSolution
		SolutionGuid = {771AF87D-9B1B-4F21-A95B-82128FCED9F7}
	EndGlobalSection
EndGlobal
>>>>>>> 9e6ca562ba4b79c549dfe0a1520ee498281f8ad9
