
Microsoft Visual Studio Solution File, Format Version 12.00
# Visual Studio Version 17
VisualStudioVersion = 17.13.35919.96 d17.13
MinimumVisualStudioVersion = 10.0.40219.1
Project("{FAE04EC0-301F-11D3-BF4B-00C04F79EFBC}") = "TaskManager", "TaskManager\TaskManager.csproj", "{CF1FAD30-EBD4-4AFA-BB1C-6A91B3D13E75}"
EndProject
Project("{FAE04EC0-301F-11D3-BF4B-00C04F79EFBC}") = "TaskManagerLibrary", "TaskManagerLibrary\TaskManagerLibrary.csproj", "{FC028F7B-7893-4B3A-9B66-F493A30B9D18}"
EndProject
Global
	GlobalSection(SolutionConfigurationPlatforms) = preSolution
		Debug|Any CPU = Debug|Any CPU
		Release|Any CPU = Release|Any CPU
	EndGlobalSection
	GlobalSection(ProjectConfigurationPlatforms) = postSolution
		{CF1FAD30-EBD4-4AFA-BB1C-6A91B3D13E75}.Debug|Any CPU.ActiveCfg = Debug|Any CPU
		{CF1FAD30-EBD4-4AFA-BB1C-6A91B3D13E75}.Debug|Any CPU.Build.0 = Debug|Any CPU
		{CF1FAD30-EBD4-4AFA-BB1C-6A91B3D13E75}.Release|Any CPU.ActiveCfg = Release|Any CPU
		{CF1FAD30-EBD4-4AFA-BB1C-6A91B3D13E75}.Release|Any CPU.Build.0 = Release|Any CPU
		{FC028F7B-7893-4B3A-9B66-F493A30B9D18}.Debug|Any CPU.ActiveCfg = Debug|Any CPU
		{FC028F7B-7893-4B3A-9B66-F493A30B9D18}.Debug|Any CPU.Build.0 = Debug|Any CPU
		{FC028F7B-7893-4B3A-9B66-F493A30B9D18}.Release|Any CPU.ActiveCfg = Release|Any CPU
		{FC028F7B-7893-4B3A-9B66-F493A30B9D18}.Release|Any CPU.Build.0 = Release|Any CPU
	EndGlobalSection
	GlobalSection(SolutionProperties) = preSolution
		HideSolutionNode = FALSE
	EndGlobalSection
	GlobalSection(ExtensibilityGlobals) = postSolution
		SolutionGuid = {BCA9B592-BFB4-49F6-8689-4E20E896AE11}
	EndGlobalSection
EndGlobal
