
Microsoft Visual Studio Solution File, Format Version 12.00
# Visual Studio Version 17
VisualStudioVersion = 17.14.36414.22 d17.14
MinimumVisualStudioVersion = 10.0.40219.1
Project("{FAE04EC0-301F-11D3-BF4B-00C04F79EFBC}") = "EFHomework", "EFHomework\EFHomework.csproj", "{866F8CD0-6569-4210-9423-E1CD6BF8D442}"
EndProject
Global
	GlobalSection(SolutionConfigurationPlatforms) = preSolution
		Debug|Any CPU = Debug|Any CPU
		Release|Any CPU = Release|Any CPU
	EndGlobalSection
	GlobalSection(ProjectConfigurationPlatforms) = postSolution
		{866F8CD0-6569-4210-9423-E1CD6BF8D442}.Debug|Any CPU.ActiveCfg = Debug|Any CPU
		{866F8CD0-6569-4210-9423-E1CD6BF8D442}.Debug|Any CPU.Build.0 = Debug|Any CPU
		{866F8CD0-6569-4210-9423-E1CD6BF8D442}.Release|Any CPU.ActiveCfg = Release|Any CPU
		{866F8CD0-6569-4210-9423-E1CD6BF8D442}.Release|Any CPU.Build.0 = Release|Any CPU
	EndGlobalSection
	GlobalSection(SolutionProperties) = preSolution
		HideSolutionNode = FALSE
	EndGlobalSection
	GlobalSection(ExtensibilityGlobals) = postSolution
		SolutionGuid = {98549780-7DE4-4E9A-9C3E-391079EFC6C3}
	EndGlobalSection
EndGlobal
