
Microsoft Visual Studio Solution File, Format Version 12.00
# Visual Studio Version 17
VisualStudioVersion = 17.14.36203.30
MinimumVisualStudioVersion = 10.0.40219.1
Project("{9A19103F-16F7-4668-BE54-9A1E7A4F7556}") = "BlazorAppHomework", "BlazorAppHomework\BlazorAppHomework.csproj", "{0ED531A8-D8E4-4036-AD44-20EB83E32954}"
EndProject
Global
	GlobalSection(SolutionConfigurationPlatforms) = preSolution
		Debug|Any CPU = Debug|Any CPU
		Release|Any CPU = Release|Any CPU
	EndGlobalSection
	GlobalSection(ProjectConfigurationPlatforms) = postSolution
		{0ED531A8-D8E4-4036-AD44-20EB83E32954}.Debug|Any CPU.ActiveCfg = Debug|Any CPU
		{0ED531A8-D8E4-4036-AD44-20EB83E32954}.Debug|Any CPU.Build.0 = Debug|Any CPU
		{0ED531A8-D8E4-4036-AD44-20EB83E32954}.Release|Any CPU.ActiveCfg = Release|Any CPU
		{0ED531A8-D8E4-4036-AD44-20EB83E32954}.Release|Any CPU.Build.0 = Release|Any CPU
	EndGlobalSection
	GlobalSection(SolutionProperties) = preSolution
		HideSolutionNode = FALSE
	EndGlobalSection
	GlobalSection(ExtensibilityGlobals) = postSolution
		SolutionGuid = {C31312C0-C438-4E33-ADC5-F4FC7941D33D}
	EndGlobalSection
EndGlobal
