
Microsoft Visual Studio Solution File, Format Version 12.00
# Visual Studio Version 17
VisualStudioVersion = 17.13.35919.96 d17.13
MinimumVisualStudioVersion = 10.0.40219.1
Project("{FAE04EC0-301F-11D3-BF4B-00C04F79EFBC}") = "EmployeeManagmentSystem", "EmployeeManagmentSystem\EmployeeManagmentSystem.csproj", "{E7331022-A483-40D8-955D-74D8AE3D0A77}"
EndProject
Global
	GlobalSection(SolutionConfigurationPlatforms) = preSolution
		Debug|Any CPU = Debug|Any CPU
		Release|Any CPU = Release|Any CPU
	EndGlobalSection
	GlobalSection(ProjectConfigurationPlatforms) = postSolution
		{E7331022-A483-40D8-955D-74D8AE3D0A77}.Debug|Any CPU.ActiveCfg = Debug|Any CPU
		{E7331022-A483-40D8-955D-74D8AE3D0A77}.Debug|Any CPU.Build.0 = Debug|Any CPU
		{E7331022-A483-40D8-955D-74D8AE3D0A77}.Release|Any CPU.ActiveCfg = Release|Any CPU
		{E7331022-A483-40D8-955D-74D8AE3D0A77}.Release|Any CPU.Build.0 = Release|Any CPU
	EndGlobalSection
	GlobalSection(SolutionProperties) = preSolution
		HideSolutionNode = FALSE
	EndGlobalSection
	GlobalSection(ExtensibilityGlobals) = postSolution
		SolutionGuid = {315DB5F9-38F8-4367-A2C6-78F1B4F8A335}
	EndGlobalSection
EndGlobal
