
Microsoft Visual Studio Solution File, Format Version 12.00
# Visual Studio Version 17
VisualStudioVersion = 17.13.35931.197 d17.13
MinimumVisualStudioVersion = 10.0.40219.1
Project("{FAE04EC0-301F-11D3-BF4B-00C04F79EFBC}") = "GenericValidatorSystem", "GenericValidatorSystem\GenericValidatorSystem.csproj", "{8C100885-771D-414E-B059-DB3834353C73}"
EndProject
Global
	GlobalSection(SolutionConfigurationPlatforms) = preSolution
		Debug|Any CPU = Debug|Any CPU
		Release|Any CPU = Release|Any CPU
	EndGlobalSection
	GlobalSection(ProjectConfigurationPlatforms) = postSolution
		{8C100885-771D-414E-B059-DB3834353C73}.Debug|Any CPU.ActiveCfg = Debug|Any CPU
		{8C100885-771D-414E-B059-DB3834353C73}.Debug|Any CPU.Build.0 = Debug|Any CPU
		{8C100885-771D-414E-B059-DB3834353C73}.Release|Any CPU.ActiveCfg = Release|Any CPU
		{8C100885-771D-414E-B059-DB3834353C73}.Release|Any CPU.Build.0 = Release|Any CPU
	EndGlobalSection
	GlobalSection(SolutionProperties) = preSolution
		HideSolutionNode = FALSE
	EndGlobalSection
	GlobalSection(ExtensibilityGlobals) = postSolution
		SolutionGuid = {82EE3082-F3DF-420E-8D47-EA936822BF23}
	EndGlobalSection
EndGlobal
