
Microsoft Visual Studio Solution File, Format Version 12.00
# Visual Studio Version 17
VisualStudioVersion = 17.14.36414.22 d17.14
MinimumVisualStudioVersion = 10.0.40219.1
Project("{FAE04EC0-301F-11D3-BF4B-00C04F79EFBC}") = "CosmosDBHomework", "CosmosDBHomework\CosmosDBHomework.csproj", "{143D5953-1B83-4B38-AC38-90282F05AEED}"
EndProject
Project("{FAE04EC0-301F-11D3-BF4B-00C04F79EFBC}") = "DataAccessLibrary", "DataAccessLibrary\DataAccessLibrary.csproj", "{3197C157-0471-4222-9957-DB6BE6BFBAD9}"
EndProject
Global
	GlobalSection(SolutionConfigurationPlatforms) = preSolution
		Debug|Any CPU = Debug|Any CPU
		Release|Any CPU = Release|Any CPU
	EndGlobalSection
	GlobalSection(ProjectConfigurationPlatforms) = postSolution
		{143D5953-1B83-4B38-AC38-90282F05AEED}.Debug|Any CPU.ActiveCfg = Debug|Any CPU
		{143D5953-1B83-4B38-AC38-90282F05AEED}.Debug|Any CPU.Build.0 = Debug|Any CPU
		{143D5953-1B83-4B38-AC38-90282F05AEED}.Release|Any CPU.ActiveCfg = Release|Any CPU
		{143D5953-1B83-4B38-AC38-90282F05AEED}.Release|Any CPU.Build.0 = Release|Any CPU
		{3197C157-0471-4222-9957-DB6BE6BFBAD9}.Debug|Any CPU.ActiveCfg = Debug|Any CPU
		{3197C157-0471-4222-9957-DB6BE6BFBAD9}.Debug|Any CPU.Build.0 = Debug|Any CPU
		{3197C157-0471-4222-9957-DB6BE6BFBAD9}.Release|Any CPU.ActiveCfg = Release|Any CPU
		{3197C157-0471-4222-9957-DB6BE6BFBAD9}.Release|Any CPU.Build.0 = Release|Any CPU
	EndGlobalSection
	GlobalSection(SolutionProperties) = preSolution
		HideSolutionNode = FALSE
	EndGlobalSection
	GlobalSection(ExtensibilityGlobals) = postSolution
		SolutionGuid = {E667DEFE-7E74-4ABA-99F9-29F4A14B9589}
	EndGlobalSection
EndGlobal
