
Microsoft Visual Studio Solution File, Format Version 12.00
# Visual Studio Version 17
VisualStudioVersion = 17.0.32112.339
MinimumVisualStudioVersion = 10.0.40219.1
Project("{FAE04EC0-301F-11D3-BF4B-00C04F79EFBC}") = "SQLServerUI", "SQLServerUI\SQLServerUI.csproj", "{91B502D2-AABE-4ECA-AAA9-53387E59EB12}"
EndProject
Project("{FAE04EC0-301F-11D3-BF4B-00C04F79EFBC}") = "DataAccessLibrary", "DataAccessLibrary\DataAccessLibrary.csproj", "{B612DC7B-163C-4144-8589-9727D970168E}"
EndProject
Project("{00D1A9C2-B5F0-4AF3-8072-F6C62B433612}") = "SQLContactsDB", "SQLContactsDB\SQLContactsDB.sqlproj", "{B15A76CF-4C3A-41B2-813D-4E688F561F75}"
EndProject
Global
	GlobalSection(SolutionConfigurationPlatforms) = preSolution
		Debug|Any CPU = Debug|Any CPU
		Release|Any CPU = Release|Any CPU
	EndGlobalSection
	GlobalSection(ProjectConfigurationPlatforms) = postSolution
		{91B502D2-AABE-4ECA-AAA9-53387E59EB12}.Debug|Any CPU.ActiveCfg = Debug|Any CPU
		{91B502D2-AABE-4ECA-AAA9-53387E59EB12}.Debug|Any CPU.Build.0 = Debug|Any CPU
		{91B502D2-AABE-4ECA-AAA9-53387E59EB12}.Release|Any CPU.ActiveCfg = Release|Any CPU
		{91B502D2-AABE-4ECA-AAA9-53387E59EB12}.Release|Any CPU.Build.0 = Release|Any CPU
		{B612DC7B-163C-4144-8589-9727D970168E}.Debug|Any CPU.ActiveCfg = Debug|Any CPU
		{B612DC7B-163C-4144-8589-9727D970168E}.Debug|Any CPU.Build.0 = Debug|Any CPU
		{B612DC7B-163C-4144-8589-9727D970168E}.Release|Any CPU.ActiveCfg = Release|Any CPU
		{B612DC7B-163C-4144-8589-9727D970168E}.Release|Any CPU.Build.0 = Release|Any CPU
		{B15A76CF-4C3A-41B2-813D-4E688F561F75}.Debug|Any CPU.ActiveCfg = Debug|Any CPU
		{B15A76CF-4C3A-41B2-813D-4E688F561F75}.Debug|Any CPU.Build.0 = Debug|Any CPU
		{B15A76CF-4C3A-41B2-813D-4E688F561F75}.Debug|Any CPU.Deploy.0 = Debug|Any CPU
		{B15A76CF-4C3A-41B2-813D-4E688F561F75}.Release|Any CPU.ActiveCfg = Release|Any CPU
		{B15A76CF-4C3A-41B2-813D-4E688F561F75}.Release|Any CPU.Build.0 = Release|Any CPU
		{B15A76CF-4C3A-41B2-813D-4E688F561F75}.Release|Any CPU.Deploy.0 = Release|Any CPU
	EndGlobalSection
	GlobalSection(SolutionProperties) = preSolution
		HideSolutionNode = FALSE
	EndGlobalSection
	GlobalSection(ExtensibilityGlobals) = postSolution
		SolutionGuid = {4CF11CA9-AEE1-4AA2-9B42-77A120469149}
	EndGlobalSection
EndGlobal
