
Microsoft Visual Studio Solution File, Format Version 12.00
# Visual Studio Version 17
VisualStudioVersion = 17.14.36221.1 d17.14
MinimumVisualStudioVersion = 10.0.40219.1
Project("{FAE04EC0-301F-11D3-BF4B-00C04F79EFBC}") = "SupportedWasm.Server", "SupportedWasm\Server\SupportedWasm.Server.csproj", "{5AC3C420-B9EA-40B0-A351-0FD786408506}"
EndProject
Project("{FAE04EC0-301F-11D3-BF4B-00C04F79EFBC}") = "SupportedWasm.Client", "SupportedWasm\Client\SupportedWasm.Client.csproj", "{B2E42AA4-48DD-4F6D-978A-0B7992227FBF}"
EndProject
Project("{FAE04EC0-301F-11D3-BF4B-00C04F79EFBC}") = "SupportedWasm.Shared", "SupportedWasm\Shared\SupportedWasm.Shared.csproj", "{8F51F4D1-62BA-4E2A-AB75-7BE32ED94FD6}"
EndProject
Global
	GlobalSection(SolutionConfigurationPlatforms) = preSolution
		Debug|Any CPU = Debug|Any CPU
		Release|Any CPU = Release|Any CPU
	EndGlobalSection
	GlobalSection(ProjectConfigurationPlatforms) = postSolution
		{5AC3C420-B9EA-40B0-A351-0FD786408506}.Debug|Any CPU.ActiveCfg = Debug|Any CPU
		{5AC3C420-B9EA-40B0-A351-0FD786408506}.Debug|Any CPU.Build.0 = Debug|Any CPU
		{5AC3C420-B9EA-40B0-A351-0FD786408506}.Release|Any CPU.ActiveCfg = Release|Any CPU
		{5AC3C420-B9EA-40B0-A351-0FD786408506}.Release|Any CPU.Build.0 = Release|Any CPU
		{B2E42AA4-48DD-4F6D-978A-0B7992227FBF}.Debug|Any CPU.ActiveCfg = Debug|Any CPU
		{B2E42AA4-48DD-4F6D-978A-0B7992227FBF}.Debug|Any CPU.Build.0 = Debug|Any CPU
		{B2E42AA4-48DD-4F6D-978A-0B7992227FBF}.Release|Any CPU.ActiveCfg = Release|Any CPU
		{B2E42AA4-48DD-4F6D-978A-0B7992227FBF}.Release|Any CPU.Build.0 = Release|Any CPU
		{8F51F4D1-62BA-4E2A-AB75-7BE32ED94FD6}.Debug|Any CPU.ActiveCfg = Debug|Any CPU
		{8F51F4D1-62BA-4E2A-AB75-7BE32ED94FD6}.Debug|Any CPU.Build.0 = Debug|Any CPU
		{8F51F4D1-62BA-4E2A-AB75-7BE32ED94FD6}.Release|Any CPU.ActiveCfg = Release|Any CPU
		{8F51F4D1-62BA-4E2A-AB75-7BE32ED94FD6}.Release|Any CPU.Build.0 = Release|Any CPU
	EndGlobalSection
	GlobalSection(SolutionProperties) = preSolution
		HideSolutionNode = FALSE
	EndGlobalSection
	GlobalSection(ExtensibilityGlobals) = postSolution
		SolutionGuid = {B364862D-4893-4843-8E8B-77953B424842}
	EndGlobalSection
EndGlobal
