
Microsoft Visual Studio Solution File, Format Version 12.00
# Visual Studio Version 17
VisualStudioVersion = 17.13.35825.156 d17.13
MinimumVisualStudioVersion = 10.0.40219.1
Project("{FAE04EC0-301F-11D3-BF4B-00C04F79EFBC}") = "HandlingExceptionsHomework", "HandlingExceptionsHomework\HandlingExceptionsHomework.csproj", "{1E774CFC-65C1-4AA5-B1BF-B39FC88D1434}"
EndProject
Global
	GlobalSection(SolutionConfigurationPlatforms) = preSolution
		Debug|Any CPU = Debug|Any CPU
		Release|Any CPU = Release|Any CPU
	EndGlobalSection
	GlobalSection(ProjectConfigurationPlatforms) = postSolution
		{1E774CFC-65C1-4AA5-B1BF-B39FC88D1434}.Debug|Any CPU.ActiveCfg = Debug|Any CPU
		{1E774CFC-65C1-4AA5-B1BF-B39FC88D1434}.Debug|Any CPU.Build.0 = Debug|Any CPU
		{1E774CFC-65C1-4AA5-B1BF-B39FC88D1434}.Release|Any CPU.ActiveCfg = Release|Any CPU
		{1E774CFC-65C1-4AA5-B1BF-B39FC88D1434}.Release|Any CPU.Build.0 = Release|Any CPU
	EndGlobalSection
	GlobalSection(SolutionProperties) = preSolution
		HideSolutionNode = FALSE
	EndGlobalSection
	GlobalSection(ExtensibilityGlobals) = postSolution
		SolutionGuid = {CD975076-6BB8-4E67-B466-45560A99483A}
	EndGlobalSection
EndGlobal
