<<<<<<< HEAD
﻿
Microsoft Visual Studio Solution File, Format Version 12.00
# Visual Studio Version 17
VisualStudioVersion = 17.13.35931.197 d17.13
MinimumVisualStudioVersion = 10.0.40219.1
Project("{FAE04EC0-301F-11D3-BF4B-00C04F79EFBC}") = "ExtensionMethods", "ExtensionMethods\ExtensionMethods.csproj", "{95EC56CD-7FAD-49BE-9573-ECF894D1FC3C}"
EndProject
Global
	GlobalSection(SolutionConfigurationPlatforms) = preSolution
		Debug|Any CPU = Debug|Any CPU
		Release|Any CPU = Release|Any CPU
	EndGlobalSection
	GlobalSection(ProjectConfigurationPlatforms) = postSolution
		{95EC56CD-7FAD-49BE-9573-ECF894D1FC3C}.Debug|Any CPU.ActiveCfg = Debug|Any CPU
		{95EC56CD-7FAD-49BE-9573-ECF894D1FC3C}.Debug|Any CPU.Build.0 = Debug|Any CPU
		{95EC56CD-7FAD-49BE-9573-ECF894D1FC3C}.Release|Any CPU.ActiveCfg = Release|Any CPU
		{95EC56CD-7FAD-49BE-9573-ECF894D1FC3C}.Release|Any CPU.Build.0 = Release|Any CPU
	EndGlobalSection
	GlobalSection(SolutionProperties) = preSolution
		HideSolutionNode = FALSE
	EndGlobalSection
	GlobalSection(ExtensibilityGlobals) = postSolution
		SolutionGuid = {2856DD08-4E79-4BC7-A734-A2504BB2887A}
	EndGlobalSection
EndGlobal
=======
﻿
Microsoft Visual Studio Solution File, Format Version 12.00
# Visual Studio Version 17
VisualStudioVersion = 17.13.35931.197 d17.13
MinimumVisualStudioVersion = 10.0.40219.1
Project("{FAE04EC0-301F-11D3-BF4B-00C04F79EFBC}") = "ExtensionMethods", "ExtensionMethods\ExtensionMethods.csproj", "{95EC56CD-7FAD-49BE-9573-ECF894D1FC3C}"
EndProject
Global
	GlobalSection(SolutionConfigurationPlatforms) = preSolution
		Debug|Any CPU = Debug|Any CPU
		Release|Any CPU = Release|Any CPU
	EndGlobalSection
	GlobalSection(ProjectConfigurationPlatforms) = postSolution
		{95EC56CD-7FAD-49BE-9573-ECF894D1FC3C}.Debug|Any CPU.ActiveCfg = Debug|Any CPU
		{95EC56CD-7FAD-49BE-9573-ECF894D1FC3C}.Debug|Any CPU.Build.0 = Debug|Any CPU
		{95EC56CD-7FAD-49BE-9573-ECF894D1FC3C}.Release|Any CPU.ActiveCfg = Release|Any CPU
		{95EC56CD-7FAD-49BE-9573-ECF894D1FC3C}.Release|Any CPU.Build.0 = Release|Any CPU
	EndGlobalSection
	GlobalSection(SolutionProperties) = preSolution
		HideSolutionNode = FALSE
	EndGlobalSection
	GlobalSection(ExtensibilityGlobals) = postSolution
		SolutionGuid = {2856DD08-4E79-4BC7-A734-A2504BB2887A}
	EndGlobalSection
EndGlobal
>>>>>>> 9e6ca562ba4b79c549dfe0a1520ee498281f8ad9
