
Microsoft Visual Studio Solution File, Format Version 12.00
# Visual Studio Version 17
VisualStudioVersion = 17.14.36221.1 d17.14
MinimumVisualStudioVersion = 10.0.40219.1
Project("{FAE04EC0-301F-11D3-BF4B-00C04F79EFBC}") = "OopChallenge", "OopChallenge\OopChallenge.csproj", "{9EDC2FDE-BA95-4C82-B547-E56072C84446}"
EndProject
Global
	GlobalSection(SolutionConfigurationPlatforms) = preSolution
		Debug|Any CPU = Debug|Any CPU
		Release|Any CPU = Release|Any CPU
	EndGlobalSection
	GlobalSection(ProjectConfigurationPlatforms) = postSolution
		{9EDC2FDE-BA95-4C82-B547-E56072C84446}.Debug|Any CPU.ActiveCfg = Debug|Any CPU
		{9EDC2FDE-BA95-4C82-B547-E56072C84446}.Debug|Any CPU.Build.0 = Debug|Any CPU
		{9EDC2FDE-BA95-4C82-B547-E56072C84446}.Release|Any CPU.ActiveCfg = Release|Any CPU
		{9EDC2FDE-BA95-4C82-B547-E56072C84446}.Release|Any CPU.Build.0 = Release|Any CPU
	EndGlobalSection
	GlobalSection(SolutionProperties) = preSolution
		HideSolutionNode = FALSE
	EndGlobalSection
	GlobalSection(ExtensibilityGlobals) = postSolution
		SolutionGuid = {15623D30-3FE7-4F06-9F33-FD1CDB80934F}
	EndGlobalSection
EndGlobal
