Microsoft Visual Studio Solution File, Format Version 12.00
# Visual Studio Version 17
VisualStudioVersion = 17.5.2.0
MinimumVisualStudioVersion = 10.0.40219.1
Project("{FAE04EC0-301F-11D3-BF4B-00C04F79EFBC}") = "InheritanceMiniProject", "InheritanceMiniProject.csproj", "{5A474AC5-EEA7-80C7-A28E-5A772E24F617}"
EndProject
Global
	GlobalSection(SolutionConfigurationPlatforms) = preSolution
		Debug|Any CPU = Debug|Any CPU
		Release|Any CPU = Release|Any CPU
	EndGlobalSection
	GlobalSection(ProjectConfigurationPlatforms) = postSolution
		{5A474AC5-EEA7-80C7-A28E-5A772E24F617}.Debug|Any CPU.ActiveCfg = Debug|Any CPU
		{5A474AC5-EEA7-80C7-A28E-5A772E24F617}.Debug|Any CPU.Build.0 = Debug|Any CPU
		{5A474AC5-EEA7-80C7-A28E-5A772E24F617}.Release|Any CPU.ActiveCfg = Release|Any CPU
		{5A474AC5-EEA7-80C7-A28E-5A772E24F617}.Release|Any CPU.Build.0 = Release|Any CPU
	EndGlobalSection
	GlobalSection(SolutionProperties) = preSolution
		HideSolutionNode = FALSE
	EndGlobalSection
	GlobalSection(ExtensibilityGlobals) = postSolution
		SolutionGuid = {2F88DE91-5410-4ADA-9488-9F883A4F0B4B}
	EndGlobalSection
EndGlobal
