
Microsoft Visual Studio Solution File, Format Version 12.00
# Visual Studio Version 17
VisualStudioVersion = 17.13.35825.156 d17.13
MinimumVisualStudioVersion = 10.0.40219.1
Project("{FAE04EC0-301F-11D3-BF4B-00C04F79EFBC}") = "ConsoleUI", "ConsoleUI\ConsoleUI.csproj", "{38878595-E813-45BF-A087-A4C77CB8C1BB}"
EndProject
Project("{FAE04EC0-301F-11D3-BF4B-00C04F79EFBC}") = "PersonLibrary", "PersonLibrary\PersonLibrary.csproj", "{031AD7B7-BCA3-40BF-A3D6-D227A74839B2}"
EndProject
Global
	GlobalSection(SolutionConfigurationPlatforms) = preSolution
		Debug|Any CPU = Debug|Any CPU
		Release|Any CPU = Release|Any CPU
	EndGlobalSection
	GlobalSection(ProjectConfigurationPlatforms) = postSolution
		{38878595-E813-45BF-A087-A4C77CB8C1BB}.Debug|Any CPU.ActiveCfg = Debug|Any CPU
		{38878595-E813-45BF-A087-A4C77CB8C1BB}.Debug|Any CPU.Build.0 = Debug|Any CPU
		{38878595-E813-45BF-A087-A4C77CB8C1BB}.Release|Any CPU.ActiveCfg = Release|Any CPU
		{38878595-E813-45BF-A087-A4C77CB8C1BB}.Release|Any CPU.Build.0 = Release|Any CPU
		{031AD7B7-BCA3-40BF-A3D6-D227A74839B2}.Debug|Any CPU.ActiveCfg = Debug|Any CPU
		{031AD7B7-BCA3-40BF-A3D6-D227A74839B2}.Debug|Any CPU.Build.0 = Debug|Any CPU
		{031AD7B7-BCA3-40BF-A3D6-D227A74839B2}.Release|Any CPU.ActiveCfg = Release|Any CPU
		{031AD7B7-BCA3-40BF-A3D6-D227A74839B2}.Release|Any CPU.Build.0 = Release|Any CPU
	EndGlobalSection
	GlobalSection(SolutionProperties) = preSolution
		HideSolutionNode = FALSE
	EndGlobalSection
	GlobalSection(ExtensibilityGlobals) = postSolution
		SolutionGuid = {03C96263-C646-431B-8D31-15219AA75F3B}
	EndGlobalSection
EndGlobal
