
Microsoft Visual Studio Solution File, Format Version 12.00
# Visual Studio Version 17
VisualStudioVersion = 17.13.35919.96 d17.13
MinimumVisualStudioVersion = 10.0.40219.1
Project("{FAE04EC0-301F-11D3-BF4B-00C04F79EFBC}") = "BlackJackLibrary", "BlackJackLibrary\BlackJackLibrary.csproj", "{C66A10BB-1BA1-4FEF-92D4-E2F87FC142D0}"
EndProject
Project("{FAE04EC0-301F-11D3-BF4B-00C04F79EFBC}") = "BlackJackUI", "BlackJackUI\BlackJackUI.csproj", "{6D01CC8F-DC8F-4552-B7B9-4C61629F5A2D}"
EndProject
Global
	GlobalSection(SolutionConfigurationPlatforms) = preSolution
		Debug|Any CPU = Debug|Any CPU
		Release|Any CPU = Release|Any CPU
	EndGlobalSection
	GlobalSection(ProjectConfigurationPlatforms) = postSolution
		{C66A10BB-1BA1-4FEF-92D4-E2F87FC142D0}.Debug|Any CPU.ActiveCfg = Debug|Any CPU
		{C66A10BB-1BA1-4FEF-92D4-E2F87FC142D0}.Debug|Any CPU.Build.0 = Debug|Any CPU
		{C66A10BB-1BA1-4FEF-92D4-E2F87FC142D0}.Release|Any CPU.ActiveCfg = Release|Any CPU
		{C66A10BB-1BA1-4FEF-92D4-E2F87FC142D0}.Release|Any CPU.Build.0 = Release|Any CPU
		{6D01CC8F-DC8F-4552-B7B9-4C61629F5A2D}.Debug|Any CPU.ActiveCfg = Debug|Any CPU
		{6D01CC8F-DC8F-4552-B7B9-4C61629F5A2D}.Debug|Any CPU.Build.0 = Debug|Any CPU
		{6D01CC8F-DC8F-4552-B7B9-4C61629F5A2D}.Release|Any CPU.ActiveCfg = Release|Any CPU
		{6D01CC8F-DC8F-4552-B7B9-4C61629F5A2D}.Release|Any CPU.Build.0 = Release|Any CPU
	EndGlobalSection
	GlobalSection(SolutionProperties) = preSolution
		HideSolutionNode = FALSE
	EndGlobalSection
	GlobalSection(ExtensibilityGlobals) = postSolution
		SolutionGuid = {E6BEF407-4339-45B1-A9BA-B24852D8FC65}
	EndGlobalSection
EndGlobal
