
Microsoft Visual Studio Solution File, Format Version 12.00
# Visual Studio Version 17
VisualStudioVersion = 17.14.36401.2 d17.14
MinimumVisualStudioVersion = 10.0.40219.1
Project("{FAE04EC0-301F-11D3-BF4B-00C04F79EFBC}") = "MySqlHomework", "MySqlHomework\MySqlHomework.csproj", "{1B77E2EE-80C2-402B-B11F-4545D068DC9B}"
EndProject
Project("{FAE04EC0-301F-11D3-BF4B-00C04F79EFBC}") = "DataAccessLibrary", "DataAccessLibrary\DataAccessLibrary.csproj", "{8EC42BF0-FA80-41FD-80C7-B2C397C91C4D}"
EndProject
Global
	GlobalSection(SolutionConfigurationPlatforms) = preSolution
		Debug|Any CPU = Debug|Any CPU
		Release|Any CPU = Release|Any CPU
	EndGlobalSection
	GlobalSection(ProjectConfigurationPlatforms) = postSolution
		{1B77E2EE-80C2-402B-B11F-4545D068DC9B}.Debug|Any CPU.ActiveCfg = Debug|Any CPU
		{1B77E2EE-80C2-402B-B11F-4545D068DC9B}.Debug|Any CPU.Build.0 = Debug|Any CPU
		{1B77E2EE-80C2-402B-B11F-4545D068DC9B}.Release|Any CPU.ActiveCfg = Release|Any CPU
		{1B77E2EE-80C2-402B-B11F-4545D068DC9B}.Release|Any CPU.Build.0 = Release|Any CPU
		{8EC42BF0-FA80-41FD-80C7-B2C397C91C4D}.Debug|Any CPU.ActiveCfg = Debug|Any CPU
		{8EC42BF0-FA80-41FD-80C7-B2C397C91C4D}.Debug|Any CPU.Build.0 = Debug|Any CPU
		{8EC42BF0-FA80-41FD-80C7-B2C397C91C4D}.Release|Any CPU.ActiveCfg = Release|Any CPU
		{8EC42BF0-FA80-41FD-80C7-B2C397C91C4D}.Release|Any CPU.Build.0 = Release|Any CPU
	EndGlobalSection
	GlobalSection(SolutionProperties) = preSolution
		HideSolutionNode = FALSE
	EndGlobalSection
	GlobalSection(ExtensibilityGlobals) = postSolution
		SolutionGuid = {678BBD75-2591-4D93-8162-EED74DAAFDB6}
	EndGlobalSection
EndGlobal
