
Microsoft Visual Studio Solution File, Format Version 12.00
# Visual Studio Version 17
VisualStudioVersion = 17.14.36414.22 d17.14
MinimumVisualStudioVersion = 10.0.40219.1
Project("{FAE04EC0-301F-11D3-BF4B-00C04F79EFBC}") = "LinqAndLambdaHomework", "LinqAndLambdaHomework\LinqAndLambdaHomework.csproj", "{6DBF7B87-9EEF-405D-B0D5-741060B8339B}"
EndProject
Global
	GlobalSection(SolutionConfigurationPlatforms) = preSolution
		Debug|Any CPU = Debug|Any CPU
		Release|Any CPU = Release|Any CPU
	EndGlobalSection
	GlobalSection(ProjectConfigurationPlatforms) = postSolution
		{6DBF7B87-9EEF-405D-B0D5-741060B8339B}.Debug|Any CPU.ActiveCfg = Debug|Any CPU
		{6DBF7B87-9EEF-405D-B0D5-741060B8339B}.Debug|Any CPU.Build.0 = Debug|Any CPU
		{6DBF7B87-9EEF-405D-B0D5-741060B8339B}.Release|Any CPU.ActiveCfg = Release|Any CPU
		{6DBF7B87-9EEF-405D-B0D5-741060B8339B}.Release|Any CPU.Build.0 = Release|Any CPU
	EndGlobalSection
	GlobalSection(SolutionProperties) = preSolution
		HideSolutionNode = FALSE
	EndGlobalSection
	GlobalSection(ExtensibilityGlobals) = postSolution
		SolutionGuid = {3B699ABC-969D-47E1-BC50-3948A1CD02F0}
	EndGlobalSection
EndGlobal
